{
  "requires": true,
  "lockfileVersion": 1,
  "dependencies": {
    "@dcloudio/types": {
      "version": "2.3.3",
      "resolved": "https://registry.npmjs.org/@dcloudio/types/-/types-2.3.3.tgz",
      "integrity": "sha512-YyZx9F6ssUSzwt6qQqaPt5K0aeen0uFAdcIG2LDvx2OnjFkvsOuxbe8L/D7mD4GIFLiFA980gJgR36+PeCCdAg=="
    },
    "luch-request": {
      "version": "3.0.6",
      "resolved": "https://registry.npmjs.org/luch-request/-/luch-request-3.0.6.tgz",
      "integrity": "sha512-Usv3fcQzrPL1RsVVLTJjPrzyv7NGxPTXoz+hnmq/bDPpcQeKApD2iCSHjxey0zbA6LPB6MbPZL9zBtLKl+GznA==",
      "requires": {
        "@dcloudio/types": "^2.0.16"
      }
    }
  }
}
